
Microsoft Visual Studio Solution File, Format Version 12.00
# Visual Studio Version 17
VisualStudioVersion = 17.7.34221.43
MinimumVisualStudioVersion = 10.0.40219.1
Project("{FAE04EC0-301F-11D3-BF4B-00C04F79EFBC}") = "Dice_gameProgram", "Dice_gameProgram\Dice_gameProgram.csproj", "{824B36F2-C9B2-4E41-8DAB-FD0F1CF9E9D4}"
EndProject
Global
	GlobalSection(SolutionConfigurationPlatforms) = preSolution
		Debug|Any CPU = Debug|Any CPU
		Release|Any CPU = Release|Any CPU
	EndGlobalSection
	GlobalSection(ProjectConfigurationPlatforms) = postSolution
		{824B36F2-C9B2-4E41-8DAB-FD0F1CF9E9D4}.Debug|Any CPU.ActiveCfg = Debug|Any CPU
		{824B36F2-C9B2-4E41-8DAB-FD0F1CF9E9D4}.Debug|Any CPU.Build.0 = Debug|Any CPU
		{824B36F2-C9B2-4E41-8DAB-FD0F1CF9E9D4}.Release|Any CPU.ActiveCfg = Release|Any CPU
		{824B36F2-C9B2-4E41-8DAB-FD0F1CF9E9D4}.Release|Any CPU.Build.0 = Release|Any CPU
	EndGlobalSection
	GlobalSection(SolutionProperties) = preSolution
		HideSolutionNode = FALSE
	EndGlobalSection
	GlobalSection(ExtensibilityGlobals) = postSolution
		SolutionGuid = {F5D90B6A-B0B4-425D-BD89-5A43C43FDED5}
	EndGlobalSection
EndGlobal
