
Microsoft Visual Studio Solution File, Format Version 12.00
# Visual Studio Version 17
VisualStudioVersion = 17.7.34221.43
MinimumVisualStudioVersion = 10.0.40219.1
Project("{FAE04EC0-301F-11D3-BF4B-00C04F79EFBC}") = "shapeareapro", "shapeareapro\shapeareapro.csproj", "{B4F38132-C61C-4912-A457-ECA52D91FBE4}"
EndProject
Global
	GlobalSection(SolutionConfigurationPlatforms) = preSolution
		Debug|Any CPU = Debug|Any CPU
		Release|Any CPU = Release|Any CPU
	EndGlobalSection
	GlobalSection(ProjectConfigurationPlatforms) = postSolution
		{B4F38132-C61C-4912-A457-ECA52D91FBE4}.Debug|Any CPU.ActiveCfg = Debug|Any CPU
		{B4F38132-C61C-4912-A457-ECA52D91FBE4}.Debug|Any CPU.Build.0 = Debug|Any CPU
		{B4F38132-C61C-4912-A457-ECA52D91FBE4}.Release|Any CPU.ActiveCfg = Release|Any CPU
		{B4F38132-C61C-4912-A457-ECA52D91FBE4}.Release|Any CPU.Build.0 = Release|Any CPU
	EndGlobalSection
	GlobalSection(SolutionProperties) = preSolution
		HideSolutionNode = FALSE
	EndGlobalSection
	GlobalSection(ExtensibilityGlobals) = postSolution
		SolutionGuid = {EEF20023-8FD4-4B63-BA4C-9105B7320265}
	EndGlobalSection
EndGlobal
